// !$*UTF8*$!
{
	archiveVersion = 1;
	classes = {
	};
	objectVersion = 50;
	objects = {

/* Begin PBXBuildFile section */
		21137FBE26B6FB8C00622EAA /* PickupLinesApp.swift in Sources */ = {isa = PBXBuildFile; fileRef = 21137FBD26B6FB8C00622EAA /* PickupLinesApp.swift */; };
		21137FC026B6FB8C00622EAA /* ContentView.swift in Sources */ = {isa = PBXBuildFile; fileRef = 21137FBF26B6FB8C00622EAA /* ContentView.swift */; };
		21137FC226B6FB8D00622EAA /* Assets.xcassets in Resources */ = {isa = PBXBuildFile; fileRef = 21137FC126B6FB8D00622EAA /* Assets.xcassets */; };
		21137FC526B6FB8D00622EAA /* Preview Assets.xcassets in Resources */ = {isa = PBXBuildFile; fileRef = 21137FC426B6FB8D00622EAA /* Preview Assets.xcassets */; };
		21137FCD26B70B0A00622EAA /* LoginView.swift in Sources */ = {isa = PBXBuildFile; fileRef = 21137FCC26B70B0A00622EAA /* LoginView.swift */; };
		21137FCF26B711B300622EAA /* ColorPool.swift in Sources */ = {isa = PBXBuildFile; fileRef = 21137FCE26B711B300622EAA /* ColorPool.swift */; };
		21137FD126B711D000622EAA /* PickupLinePool.swift in Sources */ = {isa = PBXBuildFile; fileRef = 21137FD026B711D000622EAA /* PickupLinePool.swift */; };
		21C602C526B82D7E0079A437 /* pickuplines-logo.jpeg in Resources */ = {isa = PBXBuildFile; fileRef = 21C602C426B82D7E0079A437 /* pickuplines-logo.jpeg */; };
/* End PBXBuildFile section */

/* Begin PBXFileReference section */
		21137FBA26B6FB8C00622EAA /* PickupLines.app */ = {isa = PBXFileReference; explicitFileType = wrapper.application; includeInIndex = 0; path = PickupLines.app; sourceTree = BUILT_PRODUCTS_DIR; };
		21137FBD26B6FB8C00622EAA /* PickupLinesApp.swift */ = {isa = PBXFileReference; lastKnownFileType = sourcecode.swift; path = PickupLinesApp.swift; sourceTree = "<group>"; };
		21137FBF26B6FB8C00622EAA /* ContentView.swift */ = {isa = PBXFileReference; lastKnownFileType = sourcecode.swift; path = ContentView.swift; sourceTree = "<group>"; };
		21137FC126B6FB8D00622EAA /* Assets.xcassets */ = {isa = PBXFileReference; lastKnownFileType = folder.assetcatalog; path = Assets.xcassets; sourceTree = "<group>"; };
		21137FC426B6FB8D00622EAA /* Preview Assets.xcassets */ = {isa = PBXFileReference; lastKnownFileType = folder.assetcatalog; path = "Preview Assets.xcassets"; sourceTree = "<group>"; };
		21137FC626B6FB8D00622EAA /* Info.plist */ = {isa = PBXFileReference; lastKnownFileType = text.plist.xml; path = Info.plist; sourceTree = "<group>"; };
		21137FCC26B70B0A00622EAA /* LoginView.swift */ = {isa = PBXFileReference; lastKnownFileType = sourcecode.swift; path = LoginView.swift; sourceTree = "<group>"; };
		21137FCE26B711B300622EAA /* ColorPool.swift */ = {isa = PBXFileReference; lastKnownFileType = sourcecode.swift; path = ColorPool.swift; sourceTree = "<group>"; };
		21137FD026B711D000622EAA /* PickupLinePool.swift */ = {isa = PBXFileReference; lastKnownFileType = sourcecode.swift; path = PickupLinePool.swift; sourceTree = "<group>"; };
		21C602C426B82D7E0079A437 /* pickuplines-logo.jpeg */ = {isa = PBXFileReference; lastKnownFileType = image.jpeg; name = "pickuplines-logo.jpeg"; path = "../../../../Downloads/pickuplines-logo.jpeg"; sourceTree = "<group>"; };
/* End PBXFileReference section */

/* Begin PBXFrameworksBuildPhase section */
		21137FB726B6FB8C00622EAA /* Frameworks */ = {
			isa = PBXFrameworksBuildPhase;
			buildActionMask = 2147483647;
			files = (
			);
			runOnlyForDeploymentPostprocessing = 0;
		};
/* End PBXFrameworksBuildPhase section */

/* Begin PBXGroup section */
		21137FB126B6FB8C00622EAA = {
			isa = PBXGroup;
			children = (
				21137FBC26B6FB8C00622EAA /* PickupLines */,
				21137FBB26B6FB8C00622EAA /* Products */,
			);
			sourceTree = "<group>";
		};
		21137FBB26B6FB8C00622EAA /* Products */ = {
			isa = PBXGroup;
			children = (
				21137FBA26B6FB8C00622EAA /* PickupLines.app */,
			);
			name = Products;
			sourceTree = "<group>";
		};
		21137FBC26B6FB8C00622EAA /* PickupLines */ = {
			isa = PBXGroup;
			children = (
				21137FBD26B6FB8C00622EAA /* PickupLinesApp.swift */,
				21137FBF26B6FB8C00622EAA /* ContentView.swift */,
				21137FCC26B70B0A00622EAA /* LoginView.swift */,
				21137FD026B711D000622EAA /* PickupLinePool.swift */,
				21137FCE26B711B300622EAA /* ColorPool.swift */,
				21137FC126B6FB8D00622EAA /* Assets.xcassets */,
				21137FC626B6FB8D00622EAA /* Info.plist */,
				21C602C426B82D7E0079A437 /* pickuplines-logo.jpeg */,
				21137FC326B6FB8D00622EAA /* Preview Content */,
			);
			path = PickupLines;
			sourceTree = "<group>";
		};
		21137FC326B6FB8D00622EAA /* Preview Content */ = {
			isa = PBXGroup;
			children = (
				21137FC426B6FB8D00622EAA /* Preview Assets.xcassets */,
			);
			path = "Preview Content";
			sourceTree = "<group>";
		};
/* End PBXGroup section */

/* Begin PBXNativeTarget section */
		21137FB926B6FB8C00622EAA /* PickupLines */ = {
			isa = PBXNativeTarget;
			buildConfigurationList = 21137FC926B6FB8D00622EAA /* Build configuration list for PBXNativeTarget "PickupLines" */;
			buildPhases = (
				21137FB626B6FB8C00622EAA /* Sources */,
				21137FB726B6FB8C00622EAA /* Frameworks */,
				21137FB826B6FB8C00622EAA /* Resources */,
			);
			buildRules = (
			);
			dependencies = (
			);
			name = PickupLines;
			productName = PickupLines;
			productReference = 21137FBA26B6FB8C00622EAA /* PickupLines.app */;
			productType = "com.apple.product-type.application";
		};
/* End PBXNativeTarget section */

/* Begin PBXProject section */
		21137FB226B6FB8C00622EAA /* Project object */ = {
			isa = PBXProject;
			attributes = {
				LastSwiftUpdateCheck = 1250;
				LastUpgradeCheck = 1250;
				TargetAttributes = {
					21137FB926B6FB8C00622EAA = {
						CreatedOnToolsVersion = 12.5.1;
					};
				};
			};
			buildConfigurationList = 21137FB526B6FB8C00622EAA /* Build configuration list for PBXProject "PickupLines" */;
			compatibilityVersion = "Xcode 9.3";
			developmentRegion = en;
			hasScannedForEncodings = 0;
			knownRegions = (
				en,
				Base,
			);
			mainGroup = 21137FB126B6FB8C00622EAA;
			productRefGroup = 21137FBB26B6FB8C00622EAA /* Products */;
			projectDirPath = "";
			projectRoot = "";
			targets = (
				21137FB926B6FB8C00622EAA /* PickupLines */,
			);
		};
/* End PBXProject section */

/* Begin PBXResourcesBuildPhase section */
		21137FB826B6FB8C00622EAA /* Resources */ = {
			isa = PBXResourcesBuildPhase;
			buildActionMask = 2147483647;
			files = (
				21137FC526B6FB8D00622EAA /* Preview Assets.xcassets in Resources */,
				21C602C526B82D7E0079A437 /* pickuplines-logo.jpeg in Resources */,
				21137FC226B6FB8D00622EAA /* Assets.xcassets in Resources */,
			);
			runOnlyForDeploymentPostprocessing = 0;
		};
/* End PBXResourcesBuildPhase section */

/* Begin PBXSourcesBuildPhase section */
		21137FB626B6FB8C00622EAA /* Sources */ = {
			isa = PBXSourcesBuildPhase;
			buildActionMask = 2147483647;
			files = (
				21137FCD26B70B0A00622EAA /* LoginView.swift in Sources */,
				21137FD126B711D000622EAA /* PickupLinePool.swift in Sources */,
				21137FC026B6FB8C00622EAA /* ContentView.swift in Sources */,
				21137FBE26B6FB8C00622EAA /* PickupLinesApp.swift in Sources */,
				21137FCF26B711B300622EAA /* ColorPool.swift in Sources */,
			);
			runOnlyForDeploymentPostprocessing = 0;
		};
/* End PBXSourcesBuildPhase section */

/* Begin XCBuildConfiguration section */
		21137FC726B6FB8D00622EAA /* Debug */ = {
			isa = XCBuildConfiguration;
			buildSettings = {
				ALWAYS_SEARCH_USER_PATHS = NO;
				CLANG_ANALYZER_NONNULL = YES;
				CLANG_ANALYZER_NUMBER_OBJECT_CONVERSION = YES_AGGRESSIVE;
				CLANG_CXX_LANGUAGE_STANDARD = "gnu++14";
				CLANG_CXX_LIBRARY = "libc++";
				CLANG_ENABLE_MODULES = YES;
				CLANG_ENABLE_OBJC_ARC = YES;
				CLANG_ENABLE_OBJC_WEAK = YES;
				CLANG_WARN_BLOCK_CAPTURE_AUTORELEASING = YES;
				CLANG_WARN_BOOL_CONVERSION = YES;
				CLANG_WARN_COMMA = YES;
				CLANG_WARN_CONSTANT_CONVERSION = YES;
				CLANG_WARN_DEPRECATED_OBJC_IMPLEMENTATIONS = YES;
				CLANG_WARN_DIRECT_OBJC_ISA_USAGE = YES_ERROR;
				CLANG_WARN_DOCUMENTATION_COMMENTS = YES;
				CLANG_WARN_EMPTY_BODY = YES;
				CLANG_WARN_ENUM_CONVERSION = YES;
				CLANG_WARN_INFINITE_RECURSION = YES;
				CLANG_WARN_INT_CONVERSION = YES;
				CLANG_WARN_NON_LITERAL_NULL_CONVERSION = YES;
				CLANG_WARN_OBJC_IMPLICIT_RETAIN_SELF = YES;
				CLANG_WARN_OBJC_LITERAL_CONVERSION = YES;
				CLANG_WARN_OBJC_ROOT_CLASS = YES_ERROR;
				CLANG_WARN_QUOTED_INCLUDE_IN_FRAMEWORK_HEADER = YES;
				CLANG_WARN_RANGE_LOOP_ANALYSIS = YES;
				CLANG_WARN_STRICT_PROTOTYPES = YES;
				CLANG_WARN_SUSPICIOUS_MOVE = YES;
				CLANG_WARN_UNGUARDED_AVAILABILITY = YES_AGGRESSIVE;
				CLANG_WARN_UNREACHABLE_CODE = YES;
				CLANG_WARN__DUPLICATE_METHOD_MATCH = YES;
				COPY_PHASE_STRIP = NO;
				DEBUG_INFORMATION_FORMAT = dwarf;
				ENABLE_STRICT_OBJC_MSGSEND = YES;
				ENABLE_TESTABILITY = YES;
				GCC_C_LANGUAGE_STANDARD = gnu11;
				GCC_DYNAMIC_NO_PIC = NO;
				GCC_NO_COMMON_BLOCKS = YES;
				GCC_OPTIMIZATION_LEVEL = 0;
				GCC_PREPROCESSOR_DEFINITIONS = (
					"DEBUG=1",
					"$(inherited)",
				);
				GCC_WARN_64_TO_32_BIT_CONVERSION = YES;
				GCC_WARN_ABOUT_RETURN_TYPE = YES_ERROR;
				GCC_WARN_UNDECLARED_SELECTOR = YES;
				GCC_WARN_UNINITIALIZED_AUTOS = YES_AGGRESSIVE;
				GCC_WARN_UNUSED_FUNCTION = YES;
				GCC_WARN_UNUSED_VARIABLE = YES;
				IPHONEOS_DEPLOYMENT_TARGET = 14.5;
				MTL_ENABLE_DEBUG_INFO = INCLUDE_SOURCE;
				MTL_FAST_MATH = YES;
				ONLY_ACTIVE_ARCH = YES;
				SDKROOT = iphoneos;
				SWIFT_ACTIVE_COMPILATION_CONDITIONS = DEBUG;
				SWIFT_OPTIMIZATION_LEVEL = "-Onone";
			};
			name = Debug;
		};
		21137FC826B6FB8D00622EAA /* Release */ = {
			isa = XCBuildConfiguration;
			buildSettings = {
				ALWAYS_SEARCH_USER_PATHS = NO;
				CLANG_ANALYZER_NONNULL = YES;
				CLANG_ANALYZER_NUMBER_OBJECT_CONVERSION = YES_AGGRESSIVE;
				CLANG_CXX_LANGUAGE_STANDARD = "gnu++14";
				CLANG_CXX_LIBRARY = "libc++";
				CLANG_ENABLE_MODULES = YES;
				CLANG_ENABLE_OBJC_ARC = YES;
				CLANG_ENABLE_OBJC_WEAK = YES;
				CLANG_WARN_BLOCK_CAPTURE_AUTORELEASING = YES;
				CLANG_WARN_BOOL_CONVERSION = YES;
				CLANG_WARN_COMMA = YES;
				CLANG_WARN_CONSTANT_CONVERSION = YES;
				CLANG_WARN_DEPRECATED_OBJC_IMPLEMENTATIONS = YES;
				CLANG_WARN_DIRECT_OBJC_ISA_USAGE = YES_ERROR;
				CLANG_WARN_DOCUMENTATION_COMMENTS = YES;
				CLANG_WARN_EMPTY_BODY = YES;
				CLANG_WARN_ENUM_CONVERSION = YES;
				CLANG_WARN_INFINITE_RECURSION = YES;
				CLANG_WARN_INT_CONVERSION = YES;
				CLANG_WARN_NON_LITERAL_NULL_CONVERSION = YES;
				CLANG_WARN_OBJC_IMPLICIT_RETAIN_SELF = YES;
				CLANG_WARN_OBJC_LITERAL_CONVERSION = YES;
				CLANG_WARN_OBJC_ROOT_CLASS = YES_ERROR;
				CLANG_WARN_QUOTED_INCLUDE_IN_FRAMEWORK_HEADER = YES;
				CLANG_WARN_RANGE_LOOP_ANALYSIS = YES;
				CLANG_WARN_STRICT_PROTOTYPES = YES;
				CLANG_WARN_SUSPICIOUS_MOVE = YES;
				CLANG_WARN_UNGUARDED_AVAILABILITY = YES_AGGRESSIVE;
				CLANG_WARN_UNREACHABLE_CODE = YES;
				CLANG_WARN__DUPLICATE_METHOD_MATCH = YES;
				COPY_PHASE_STRIP = NO;
				DEBUG_INFORMATION_FORMAT = "dwarf-with-dsym";
				ENABLE_NS_ASSERTIONS = NO;
				ENABLE_STRICT_OBJC_MSGSEND = YES;
				GCC_C_LANGUAGE_STANDARD = gnu11;
				GCC_NO_COMMON_BLOCKS = YES;
				GCC_WARN_64_TO_32_BIT_CONVERSION = YES;
				GCC_WARN_ABOUT_RETURN_TYPE = YES_ERROR;
				GCC_WARN_UNDECLARED_SELECTOR = YES;
				GCC_WARN_UNINITIALIZED_AUTOS = YES_AGGRESSIVE;
				GCC_WARN_UNUSED_FUNCTION = YES;
				GCC_WARN_UNUSED_VARIABLE = YES;
				IPHONEOS_DEPLOYMENT_TARGET = 14.5;
				MTL_ENABLE_DEBUG_INFO = NO;
				MTL_FAST_MATH = YES;
				SDKROOT = iphoneos;
				SWIFT_COMPILATION_MODE = wholemodule;
				SWIFT_OPTIMIZATION_LEVEL = "-O";
				VALIDATE_PRODUCT = YES;
			};
			name = Release;
		};
		21137FCA26B6FB8D00622EAA /* Debug */ = {
			isa = XCBuildConfiguration;
			buildSettings = {
				ASSETCATALOG_COMPILER_APPICON_NAME = AppIcon;
				ASSETCATALOG_COMPILER_GLOBAL_ACCENT_COLOR_NAME = AccentColor;
				CODE_SIGN_STYLE = Automatic;
				DEVELOPMENT_ASSET_PATHS = "\"PickupLines/Preview Content\"";
				DEVELOPMENT_TEAM = 3S22TUWT2S;
				ENABLE_PREVIEWS = YES;
				INFOPLIST_FILE = PickupLines/Info.plist;
				IPHONEOS_DEPLOYMENT_TARGET = 14.0;
				LD_RUNPATH_SEARCH_PATHS = (
					"$(inherited)",
					"@executable_path/Frameworks",
				);
				PRODUCT_BUNDLE_IDENTIFIER = com.irminrics.github.PickupLines;
				PRODUCT_NAME = "$(TARGET_NAME)";
				SWIFT_VERSION = 5.0;
				TARGETED_DEVICE_FAMILY = "1,2";
			};
			name = Debug;
		};
		21137FCB26B6FB8D00622EAA /* Release */ = {
			isa = XCBuildConfiguration;
			buildSettings = {
				ASSETCATALOG_COMPILER_APPICON_NAME = AppIcon;
				ASSETCATALOG_COMPILER_GLOBAL_ACCENT_COLOR_NAME = AccentColor;
				CODE_SIGN_STYLE = Automatic;
				DEVELOPMENT_ASSET_PATHS = "\"PickupLines/Preview Content\"";
				DEVELOPMENT_TEAM = 3S22TUWT2S;
				ENABLE_PREVIEWS = YES;
				INFOPLIST_FILE = PickupLines/Info.plist;
				IPHONEOS_DEPLOYMENT_TARGET = 14.0;
				LD_RUNPATH_SEARCH_PATHS = (
					"$(inherited)",
					"@executable_path/Frameworks",
				);
				PRODUCT_BUNDLE_IDENTIFIER = com.irminrics.github.PickupLines;
				PRODUCT_NAME = "$(TARGET_NAME)";
				SWIFT_VERSION = 5.0;
				TARGETED_DEVICE_FAMILY = "1,2";
			};
			name = Release;
		};
/* End XCBuildConfiguration section */

/* Begin XCConfigurationList section */
		21137FB526B6FB8C00622EAA /* Build configuration list for PBXProject "PickupLines" */ = {
			isa = XCConfigurationList;
			buildConfigurations = (
				21137FC726B6FB8D00622EAA /* Debug */,
				21137FC826B6FB8D00622EAA /* Release */,
			);
			defaultConfigurationIsVisible = 0;
			defaultConfigurationName = Release;
		};
		21137FC926B6FB8D00622EAA /* Build configuration list for PBXNativeTarget "PickupLines" */ = {
			isa = XCConfigurationList;
			buildConfigurations = (
				21137FCA26B6FB8D00622EAA /* Debug */,
				21137FCB26B6FB8D00622EAA /* Release */,
			);
			defaultConfigurationIsVisible = 0;
			defaultConfigurationName = Release;
		};
/* End XCConfigurationList section */
	};
	rootObject = 21137FB226B6FB8C00622EAA /* Project object */;
}
